<?xml version="1.0" encoding="utf-8"?>
<Project ToolsVersion="4.0" xmlns="http://schemas.microsoft.com/developer/msbuild/2003">
  <ItemGroup>
    <Filter Include="src">
      <UniqueIdentifier>{c5b6bb2e-3eec-409b-a932-71bcdc182e49}</UniqueIdentifier>
    </Filter>
    <Filter Include="include">
      <UniqueIdentifier>{7b6d3ae6-185e-47a3-9016-8d2f14508175}</UniqueIdentifier>
    </Filter>
    <Filter Include="src\assembler">
      <UniqueIdentifier>{f8d69cf5-c276-4ce2-bafe-ae1d01435522}</UniqueIdentifier>
    </Filter>
    <Filter Include="src\decoder">
      <UniqueIdentifier>{f3906358-a99e-441c-9e6b-7de87574e344}</UniqueIdentifier>
    </Filter>
    <Filter Include="src\encoder">
      <UniqueIdentifier>{21ece651-32d7-408e-88f5-6bd4bc95ec5a}</UniqueIdentifier>
    </Filter>
    <Filter Include="src\program">
      <UniqueIdentifier>{5b245a54-7f14-4248-b0b2-33927de7d070}</UniqueIdentifier>
    </Filter>
    <Filter Include="include\core">
      <UniqueIdentifier>{58755e29-1984-479f-8985-6db63d8166dd}</UniqueIdentifier>
    </Filter>
    <Filter Include="include\assembler">
      <UniqueIdentifier>{ec5fbcba-0fed-48b8-ace5-cf181e3a9ee2}</UniqueIdentifier>
    </Filter>
    <Filter Include="include\decoder">
      <UniqueIdentifier>{9a2dc923-61f9-4d7e-8973-9e9766a809f6}</UniqueIdentifier>
    </Filter>
    <Filter Include="include\encoder">
      <UniqueIdentifier>{87a72c9e-2f0a-4d3e-a402-2f864eed440b}</UniqueIdentifier>
    </Filter>
    <Filter Include="include\program">
      <UniqueIdentifier>{46d9dc0e-2b4f-4b20-9d2e-b3848731bd76}</UniqueIdentifier>
    </Filter>
  </ItemGroup>
  <ItemGroup>
    <ClInclude Include="..\..\src\zasm\src\program\program.node.hpp">
      <Filter>src\program</Filter>
    </ClInclude>
    <ClInclude Include="..\..\src\zasm\src\program\program.state.hpp">
      <Filter>src\program</Filter>
    </ClInclude>
    <ClInclude Include="..\..\src\zasm\src\encoder\encoder.context.hpp">
      <Filter>src\encoder</Filter>
    </ClInclude>
    <ClInclude Include="..\..\src\zasm\src\encoder\generator.hpp">
      <Filter>src\encoder</Filter>
    </ClInclude>
    <ClInclude Include="..\..\include\zasm\core\bitsize.hpp">
      <Filter>include\core</Filter>
    </ClInclude>
    <ClInclude Include="..\..\include\zasm\core\expected.hpp">
      <Filter>include\core</Filter>
    </ClInclude>
    <ClInclude Include="..\..\include\zasm\core\errors.hpp">
      <Filter>include\core</Filter>
    </ClInclude>
    <ClInclude Include="..\..\include\zasm\core\objectpool.hpp">
      <Filter>include\core</Filter>
    </ClInclude>
    <ClInclude Include="..\..\include\zasm\core\stringpool.hpp">
      <Filter>include\core</Filter>
    </ClInclude>
    <ClInclude Include="..\..\include\zasm\program\label.hpp">
      <Filter>include\program</Filter>
    </ClInclude>
    <ClInclude Include="..\..\include\zasm\program\memory.hpp">
      <Filter>include\program</Filter>
    </ClInclude>
    <ClInclude Include="..\..\include\zasm\program\node.hpp">
      <Filter>include\program</Filter>
    </ClInclude>
    <ClInclude Include="..\..\include\zasm\program\operand.hpp">
      <Filter>include\program</Filter>
    </ClInclude>
    <ClInclude Include="..\..\include\zasm\program\program.hpp">
      <Filter>include\program</Filter>
    </ClInclude>
    <ClInclude Include="..\..\include\zasm\program\register.hpp">
      <Filter>include\program</Filter>
    </ClInclude>
    <ClInclude Include="..\..\include\zasm\program\data.hpp">
      <Filter>include\program</Filter>
    </ClInclude>
    <ClInclude Include="..\..\include\zasm\program\immediate.hpp">
      <Filter>include\program</Filter>
    </ClInclude>
    <ClInclude Include="..\..\include\zasm\program\instruction.hpp">
      <Filter>include\program</Filter>
    </ClInclude>
    <ClInclude Include="..\..\include\zasm\encoder\encoder.hpp">
      <Filter>include\encoder</Filter>
    </ClInclude>
    <ClInclude Include="..\..\include\zasm\decoder\decoder.hpp">
      <Filter>include\decoder</Filter>
    </ClInclude>
    <ClInclude Include="..\..\include\zasm\assembler\assembler.hpp">
      <Filter>include\assembler</Filter>
    </ClInclude>
    <ClInclude Include="..\..\include\zasm\zasm.hpp">
      <Filter>include</Filter>
    </ClInclude>
    <ClInclude Include="..\..\include\zasm\core\enumflags.hpp">
      <Filter>include\core</Filter>
    </ClInclude>
    <ClInclude Include="..\..\include\zasm\program\section.hpp">
      <Filter>include\program</Filter>
    </ClInclude>
    <ClInclude Include="..\..\include\zasm\core\math.hpp">
      <Filter>include\core</Filter>
    </ClInclude>
  </ItemGroup>
  <ItemGroup>
    <ClCompile Include="..\..\src\zasm\src\zasm.cpp">
      <Filter>src</Filter>
    </ClCompile>
    <ClCompile Include="..\..\src\zasm\src\program\program.cpp">
      <Filter>src\program</Filter>
    </ClCompile>
    <ClCompile Include="..\..\src\zasm\src\program\program.serialization.cpp">
      <Filter>src\program</Filter>
    </ClCompile>
    <ClCompile Include="..\..\src\zasm\src\program\data.cpp">
      <Filter>src\program</Filter>
    </ClCompile>
    <ClCompile Include="..\..\src\zasm\src\encoder\encoder.cpp">
      <Filter>src\encoder</Filter>
    </ClCompile>
    <ClCompile Include="..\..\src\zasm\src\encoder\generator.cpp">
      <Filter>src\encoder</Filter>
    </ClCompile>
    <ClCompile Include="..\..\src\zasm\src\decoder\decoder.cpp">
      <Filter>src\decoder</Filter>
    </ClCompile>
    <ClCompile Include="..\..\src\zasm\src\assembler\assembler.instructions.cpp">
      <Filter>src\assembler</Filter>
    </ClCompile>
    <ClCompile Include="..\..\src\zasm\src\assembler\assembler.cpp">
      <Filter>src\assembler</Filter>
    </ClCompile>
  </ItemGroup>
</Project>