<?xml version="1.0" encoding="utf-8"?>
<Project ToolsVersion="4.0" xmlns="http://schemas.microsoft.com/developer/msbuild/2003">
  <ItemGroup>
    <Filter Include="src">
      <UniqueIdentifier>{c5b6bb2e-3eec-409b-a932-71bcdc182e49}</UniqueIdentifier>
    </Filter>
    <Filter Include="include">
      <UniqueIdentifier>{7b6d3ae6-185e-47a3-9016-8d2f14508175}</UniqueIdentifier>
    </Filter>
  </ItemGroup>
  <ItemGroup>
    <ClInclude Include="..\..\src\zasm\src\encoder.context.hpp">
      <Filter>src</Filter>
    </ClInclude>
    <ClInclude Include="..\..\src\zasm\src\generator.hpp">
      <Filter>src</Filter>
    </ClInclude>
    <ClInclude Include="..\..\include\zasm\bitsize.hpp">
      <Filter>include</Filter>
    </ClInclude>
    <ClInclude Include="..\..\include\zasm\data.hpp">
      <Filter>include</Filter>
    </ClInclude>
    <ClInclude Include="..\..\include\zasm\decoder.hpp">
      <Filter>include</Filter>
    </ClInclude>
    <ClInclude Include="..\..\include\zasm\encoder.hpp">
      <Filter>include</Filter>
    </ClInclude>
    <ClInclude Include="..\..\include\zasm\errors.hpp">
      <Filter>include</Filter>
    </ClInclude>
    <ClInclude Include="..\..\include\zasm\expected.hpp">
      <Filter>include</Filter>
    </ClInclude>
    <ClInclude Include="..\..\include\zasm\immediate.hpp">
      <Filter>include</Filter>
    </ClInclude>
    <ClInclude Include="..\..\include\zasm\instruction.hpp">
      <Filter>include</Filter>
    </ClInclude>
    <ClInclude Include="..\..\include\zasm\label.hpp">
      <Filter>include</Filter>
    </ClInclude>
    <ClInclude Include="..\..\include\zasm\memory.hpp">
      <Filter>include</Filter>
    </ClInclude>
    <ClInclude Include="..\..\include\zasm\node.hpp">
      <Filter>include</Filter>
    </ClInclude>
    <ClInclude Include="..\..\include\zasm\objectpool.hpp">
      <Filter>include</Filter>
    </ClInclude>
    <ClInclude Include="..\..\include\zasm\operand.hpp">
      <Filter>include</Filter>
    </ClInclude>
    <ClInclude Include="..\..\include\zasm\program.hpp">
      <Filter>include</Filter>
    </ClInclude>
    <ClInclude Include="..\..\include\zasm\register.hpp">
      <Filter>include</Filter>
    </ClInclude>
    <ClInclude Include="..\..\include\zasm\stringpool.hpp">
      <Filter>include</Filter>
    </ClInclude>
    <ClInclude Include="..\..\include\zasm\assembler.hpp">
      <Filter>include</Filter>
    </ClInclude>
    <ClInclude Include="..\..\src\zasm\src\program.state.hpp">
      <Filter>src</Filter>
    </ClInclude>
    <ClInclude Include="..\..\src\zasm\src\program.node.hpp">
      <Filter>src</Filter>
    </ClInclude>
  </ItemGroup>
  <ItemGroup>
    <ClCompile Include="..\..\src\zasm\src\decoder.cpp">
      <Filter>src</Filter>
    </ClCompile>
    <ClCompile Include="..\..\src\zasm\src\encoder.cpp">
      <Filter>src</Filter>
    </ClCompile>
    <ClCompile Include="..\..\src\zasm\src\generator.cpp">
      <Filter>src</Filter>
    </ClCompile>
    <ClCompile Include="..\..\src\zasm\src\program.cpp">
      <Filter>src</Filter>
    </ClCompile>
    <ClCompile Include="..\..\src\zasm\src\zasm.cpp">
      <Filter>src</Filter>
    </ClCompile>
    <ClCompile Include="..\..\src\zasm\src\assembler.cpp">
      <Filter>src</Filter>
    </ClCompile>
    <ClCompile Include="..\..\src\zasm\src\data.cpp">
      <Filter>src</Filter>
    </ClCompile>
    <ClCompile Include="..\..\src\zasm\src\assembler.instructions.cpp">
      <Filter>src</Filter>
    </ClCompile>
    <ClCompile Include="..\..\src\zasm\src\program.serialization.cpp">
      <Filter>src</Filter>
    </ClCompile>
  </ItemGroup>
</Project>